// !$*UTF8*$!
{
	archiveVersion = 1;
	classes = {
	};
	objectVersion = 48;
	objects = {

/* Begin PBXBuildFile section */
		B32861D8200956C700611994 /* AppDelegate.swift in Sources */ = {isa = PBXBuildFile; fileRef = B32861D7200956C700611994 /* AppDelegate.swift */; };
		B32861DF200956C700611994 /* Assets.xcassets in Resources */ = {isa = PBXBuildFile; fileRef = B32861DE200956C700611994 /* Assets.xcassets */; };
		B32861E2200956C700611994 /* LaunchScreen.storyboard in Resources */ = {isa = PBXBuildFile; fileRef = B32861E0200956C700611994 /* LaunchScreen.storyboard */; };
		B32861EB2009571A00611994 /* MainViewController.swift in Sources */ = {isa = PBXBuildFile; fileRef = B32861E92009571A00611994 /* MainViewController.swift */; };
		B32861EC2009571A00611994 /* MainViewController.xib in Resources */ = {isa = PBXBuildFile; fileRef = B32861EA2009571A00611994 /* MainViewController.xib */; };
		B32861EF2009625200611994 /* ListTableViewCell.swift in Sources */ = {isa = PBXBuildFile; fileRef = B32861ED2009625200611994 /* ListTableViewCell.swift */; };
		B32861F02009625200611994 /* ListTableViewCell.xib in Resources */ = {isa = PBXBuildFile; fileRef = B32861EE2009625200611994 /* ListTableViewCell.xib */; };
		B35030D320178E5400B8E25F /* VideoViewController.swift in Sources */ = {isa = PBXBuildFile; fileRef = B35030D120178E5400B8E25F /* VideoViewController.swift */; };
		B35030D420178E5400B8E25F /* VideoViewController.xib in Resources */ = {isa = PBXBuildFile; fileRef = B35030D220178E5400B8E25F /* VideoViewController.xib */; };
		B3C96FDD200A719F00B189AD /* ListInfo.swift in Sources */ = {isa = PBXBuildFile; fileRef = B3C96FDC200A719F00B189AD /* ListInfo.swift */; };
		B3CD69322019F1D900E65148 /* SearchViewController.swift in Sources */ = {isa = PBXBuildFile; fileRef = B3CD69302019F1D900E65148 /* SearchViewController.swift */; };
		B3CD69332019F1D900E65148 /* SearchViewController.xib in Resources */ = {isa = PBXBuildFile; fileRef = B3CD69312019F1D900E65148 /* SearchViewController.xib */; };
/* End PBXBuildFile section */

/* Begin PBXFileReference section */
		B32861D4200956C700611994 /* YouTune.app */ = {isa = PBXFileReference; explicitFileType = wrapper.application; includeInIndex = 0; path = YouTune.app; sourceTree = BUILT_PRODUCTS_DIR; };
		B32861D7200956C700611994 /* AppDelegate.swift */ = {isa = PBXFileReference; lastKnownFileType = sourcecode.swift; path = AppDelegate.swift; sourceTree = "<group>"; };
		B32861DE200956C700611994 /* Assets.xcassets */ = {isa = PBXFileReference; lastKnownFileType = folder.assetcatalog; path = Assets.xcassets; sourceTree = "<group>"; };
		B32861E1200956C700611994 /* Base */ = {isa = PBXFileReference; lastKnownFileType = file.storyboard; name = Base; path = Base.lproj/LaunchScreen.storyboard; sourceTree = "<group>"; };
		B32861E3200956C700611994 /* Info.plist */ = {isa = PBXFileReference; lastKnownFileType = text.plist.xml; path = Info.plist; sourceTree = "<group>"; };
		B32861E92009571A00611994 /* MainViewController.swift */ = {isa = PBXFileReference; lastKnownFileType = sourcecode.swift; path = MainViewController.swift; sourceTree = "<group>"; };
		B32861EA2009571A00611994 /* MainViewController.xib */ = {isa = PBXFileReference; lastKnownFileType = file.xib; path = MainViewController.xib; sourceTree = "<group>"; };
		B32861ED2009625200611994 /* ListTableViewCell.swift */ = {isa = PBXFileReference; lastKnownFileType = sourcecode.swift; path = ListTableViewCell.swift; sourceTree = "<group>"; };
		B32861EE2009625200611994 /* ListTableViewCell.xib */ = {isa = PBXFileReference; lastKnownFileType = file.xib; path = ListTableViewCell.xib; sourceTree = "<group>"; };
		B35030D120178E5400B8E25F /* VideoViewController.swift */ = {isa = PBXFileReference; lastKnownFileType = sourcecode.swift; path = VideoViewController.swift; sourceTree = "<group>"; };
		B35030D220178E5400B8E25F /* VideoViewController.xib */ = {isa = PBXFileReference; lastKnownFileType = file.xib; path = VideoViewController.xib; sourceTree = "<group>"; };
		B3C96FDC200A719F00B189AD /* ListInfo.swift */ = {isa = PBXFileReference; lastKnownFileType = sourcecode.swift; path = ListInfo.swift; sourceTree = "<group>"; };
		B3CD69302019F1D900E65148 /* SearchViewController.swift */ = {isa = PBXFileReference; lastKnownFileType = sourcecode.swift; path = SearchViewController.swift; sourceTree = "<group>"; };
		B3CD69312019F1D900E65148 /* SearchViewController.xib */ = {isa = PBXFileReference; lastKnownFileType = file.xib; path = SearchViewController.xib; sourceTree = "<group>"; };
/* End PBXFileReference section */

/* Begin PBXFrameworksBuildPhase section */
		B32861D1200956C700611994 /* Frameworks */ = {
			isa = PBXFrameworksBuildPhase;
			buildActionMask = 2147483647;
			files = (
			);
			runOnlyForDeploymentPostprocessing = 0;
		};
/* End PBXFrameworksBuildPhase section */

/* Begin PBXGroup section */
		B32861CB200956C700611994 = {
			isa = PBXGroup;
			children = (
				B32861D6200956C700611994 /* YouTune */,
				B32861D5200956C700611994 /* Products */,
			);
			sourceTree = "<group>";
		};
		B32861D5200956C700611994 /* Products */ = {
			isa = PBXGroup;
			children = (
				B32861D4200956C700611994 /* YouTune.app */,
			);
			name = Products;
			sourceTree = "<group>";
		};
		B32861D6200956C700611994 /* YouTune */ = {
			isa = PBXGroup;
			children = (
				B32861D7200956C700611994 /* AppDelegate.swift */,
				B32861DE200956C700611994 /* Assets.xcassets */,
				B32861E0200956C700611994 /* LaunchScreen.storyboard */,
				B32861E3200956C700611994 /* Info.plist */,
				B32861E92009571A00611994 /* MainViewController.swift */,
				B32861EA2009571A00611994 /* MainViewController.xib */,
				B32861ED2009625200611994 /* ListTableViewCell.swift */,
				B32861EE2009625200611994 /* ListTableViewCell.xib */,
				B3C96FDC200A719F00B189AD /* ListInfo.swift */,
				B35030D120178E5400B8E25F /* VideoViewController.swift */,
				B35030D220178E5400B8E25F /* VideoViewController.xib */,
				B3CD69302019F1D900E65148 /* SearchViewController.swift */,
				B3CD69312019F1D900E65148 /* SearchViewController.xib */,
			);
			path = YouTune;
			sourceTree = "<group>";
		};
/* End PBXGroup section */

/* Begin PBXNativeTarget section */
		B32861D3200956C700611994 /* YouTune */ = {
			isa = PBXNativeTarget;
			buildConfigurationList = B32861E6200956C700611994 /* Build configuration list for PBXNativeTarget "YouTune" */;
			buildPhases = (
				B32861D0200956C700611994 /* Sources */,
				B32861D1200956C700611994 /* Frameworks */,
				B32861D2200956C700611994 /* Resources */,
			);
			buildRules = (
			);
			dependencies = (
			);
			name = YouTune;
			productName = YouTune;
			productReference = B32861D4200956C700611994 /* YouTune.app */;
			productType = "com.apple.product-type.application";
		};
/* End PBXNativeTarget section */

/* Begin PBXProject section */
		B32861CC200956C700611994 /* Project object */ = {
			isa = PBXProject;
			attributes = {
				LastSwiftUpdateCheck = 0920;
				LastUpgradeCheck = 0920;
				ORGANIZATIONNAME = "Léo LEGRON";
				TargetAttributes = {
					B32861D3200956C700611994 = {
						CreatedOnToolsVersion = 9.2;
						ProvisioningStyle = Automatic;
					};
				};
			};
			buildConfigurationList = B32861CF200956C700611994 /* Build configuration list for PBXProject "YouTune" */;
			compatibilityVersion = "Xcode 8.0";
			developmentRegion = en;
			hasScannedForEncodings = 0;
			knownRegions = (
				en,
				Base,
			);
			mainGroup = B32861CB200956C700611994;
			productRefGroup = B32861D5200956C700611994 /* Products */;
			projectDirPath = "";
			projectRoot = "";
			targets = (
				B32861D3200956C700611994 /* YouTune */,
			);
		};
/* End PBXProject section */

/* Begin PBXResourcesBuildPhase section */
		B32861D2200956C700611994 /* Resources */ = {
			isa = PBXResourcesBuildPhase;
			buildActionMask = 2147483647;
			files = (
				B32861E2200956C700611994 /* LaunchScreen.storyboard in Resources */,
				B32861F02009625200611994 /* ListTableViewCell.xib in Resources */,
				B32861DF200956C700611994 /* Assets.xcassets in Resources */,
				B35030D420178E5400B8E25F /* VideoViewController.xib in Resources */,
				B3CD69332019F1D900E65148 /* SearchViewController.xib in Resources */,
				B32861EC2009571A00611994 /* MainViewController.xib in Resources */,
			);
			runOnlyForDeploymentPostprocessing = 0;
		};
/* End PBXResourcesBuildPhase section */

/* Begin PBXSourcesBuildPhase section */
		B32861D0200956C700611994 /* Sources */ = {
			isa = PBXSourcesBuildPhase;
			buildActionMask = 2147483647;
			files = (
				B32861D8200956C700611994 /* AppDelegate.swift in Sources */,
				B3C96FDD200A719F00B189AD /* ListInfo.swift in Sources */,
				B3CD69322019F1D900E65148 /* SearchViewController.swift in Sources */,
				B32861EB2009571A00611994 /* MainViewController.swift in Sources */,
				B35030D320178E5400B8E25F /* VideoViewController.swift in Sources */,
				B32861EF2009625200611994 /* ListTableViewCell.swift in Sources */,
			);
			runOnlyForDeploymentPostprocessing = 0;
		};
/* End PBXSourcesBuildPhase section */

/* Begin PBXVariantGroup section */
		B32861E0200956C700611994 /* LaunchScreen.storyboard */ = {
			isa = PBXVariantGroup;
			children = (
				B32861E1200956C700611994 /* Base */,
			);
			name = LaunchScreen.storyboard;
			sourceTree = "<group>";
		};
/* End PBXVariantGroup section */

/* Begin XCBuildConfiguration section */
		B32861E4200956C700611994 /* Debug */ = {
			isa = XCBuildConfiguration;
			buildSettings = {
				ALWAYS_SEARCH_USER_PATHS = NO;
				CLANG_ANALYZER_NONNULL = YES;
				CLANG_ANALYZER_NUMBER_OBJECT_CONVERSION = YES_AGGRESSIVE;
				CLANG_CXX_LANGUAGE_STANDARD = "gnu++14";
				CLANG_CXX_LIBRARY = "libc++";
				CLANG_ENABLE_MODULES = YES;
				CLANG_ENABLE_OBJC_ARC = YES;
				CLANG_WARN_BLOCK_CAPTURE_AUTORELEASING = YES;
				CLANG_WARN_BOOL_CONVERSION = YES;
				CLANG_WARN_COMMA = YES;
				CLANG_WARN_CONSTANT_CONVERSION = YES;
				CLANG_WARN_DIRECT_OBJC_ISA_USAGE = YES_ERROR;
				CLANG_WARN_DOCUMENTATION_COMMENTS = YES;
				CLANG_WARN_EMPTY_BODY = YES;
				CLANG_WARN_ENUM_CONVERSION = YES;
				CLANG_WARN_INFINITE_RECURSION = YES;
				CLANG_WARN_INT_CONVERSION = YES;
				CLANG_WARN_NON_LITERAL_NULL_CONVERSION = YES;
				CLANG_WARN_OBJC_LITERAL_CONVERSION = YES;
				CLANG_WARN_OBJC_ROOT_CLASS = YES_ERROR;
				CLANG_WARN_RANGE_LOOP_ANALYSIS = YES;
				CLANG_WARN_STRICT_PROTOTYPES = YES;
				CLANG_WARN_SUSPICIOUS_MOVE = YES;
				CLANG_WARN_UNGUARDED_AVAILABILITY = YES_AGGRESSIVE;
				CLANG_WARN_UNREACHABLE_CODE = YES;
				CLANG_WARN__DUPLICATE_METHOD_MATCH = YES;
				CODE_SIGN_IDENTITY = "iPhone Developer";
				COPY_PHASE_STRIP = NO;
				DEBUG_INFORMATION_FORMAT = dwarf;
				ENABLE_STRICT_OBJC_MSGSEND = YES;
				ENABLE_TESTABILITY = YES;
				GCC_C_LANGUAGE_STANDARD = gnu11;
				GCC_DYNAMIC_NO_PIC = NO;
				GCC_NO_COMMON_BLOCKS = YES;
				GCC_OPTIMIZATION_LEVEL = 0;
				GCC_PREPROCESSOR_DEFINITIONS = (
					"DEBUG=1",
					"$(inherited)",
				);
				GCC_WARN_64_TO_32_BIT_CONVERSION = YES;
				GCC_WARN_ABOUT_RETURN_TYPE = YES_ERROR;
				GCC_WARN_UNDECLARED_SELECTOR = YES;
				GCC_WARN_UNINITIALIZED_AUTOS = YES_AGGRESSIVE;
				GCC_WARN_UNUSED_FUNCTION = YES;
				GCC_WARN_UNUSED_VARIABLE = YES;
				IPHONEOS_DEPLOYMENT_TARGET = 11.2;
				MTL_ENABLE_DEBUG_INFO = YES;
				ONLY_ACTIVE_ARCH = YES;
				SDKROOT = iphoneos;
				SWIFT_ACTIVE_COMPILATION_CONDITIONS = DEBUG;
				SWIFT_OPTIMIZATION_LEVEL = "-Onone";
			};
			name = Debug;
		};
		B32861E5200956C700611994 /* Release */ = {
			isa = XCBuildConfiguration;
			buildSettings = {
				ALWAYS_SEARCH_USER_PATHS = NO;
				CLANG_ANALYZER_NONNULL = YES;
				CLANG_ANALYZER_NUMBER_OBJECT_CONVERSION = YES_AGGRESSIVE;
				CLANG_CXX_LANGUAGE_STANDARD = "gnu++14";
				CLANG_CXX_LIBRARY = "libc++";
				CLANG_ENABLE_MODULES = YES;
				CLANG_ENABLE_OBJC_ARC = YES;
				CLANG_WARN_BLOCK_CAPTURE_AUTORELEASING = YES;
				CLANG_WARN_BOOL_CONVERSION = YES;
				CLANG_WARN_COMMA = YES;
				CLANG_WARN_CONSTANT_CONVERSION = YES;
				CLANG_WARN_DIRECT_OBJC_ISA_USAGE = YES_ERROR;
				CLANG_WARN_DOCUMENTATION_COMMENTS = YES;
				CLANG_WARN_EMPTY_BODY = YES;
				CLANG_WARN_ENUM_CONVERSION = YES;
				CLANG_WARN_INFINITE_RECURSION = YES;
				CLANG_WARN_INT_CONVERSION = YES;
				CLANG_WARN_NON_LITERAL_NULL_CONVERSION = YES;
				CLANG_WARN_OBJC_LITERAL_CONVERSION = YES;
				CLANG_WARN_OBJC_ROOT_CLASS = YES_ERROR;
				CLANG_WARN_RANGE_LOOP_ANALYSIS = YES;
				CLANG_WARN_STRICT_PROTOTYPES = YES;
				CLANG_WARN_SUSPICIOUS_MOVE = YES;
				CLANG_WARN_UNGUARDED_AVAILABILITY = YES_AGGRESSIVE;
				CLANG_WARN_UNREACHABLE_CODE = YES;
				CLANG_WARN__DUPLICATE_METHOD_MATCH = YES;
				CODE_SIGN_IDENTITY = "iPhone Developer";
				COPY_PHASE_STRIP = NO;
				DEBUG_INFORMATION_FORMAT = "dwarf-with-dsym";
				ENABLE_NS_ASSERTIONS = NO;
				ENABLE_STRICT_OBJC_MSGSEND = YES;
				GCC_C_LANGUAGE_STANDARD = gnu11;
				GCC_NO_COMMON_BLOCKS = YES;
				GCC_WARN_64_TO_32_BIT_CONVERSION = YES;
				GCC_WARN_ABOUT_RETURN_TYPE = YES_ERROR;
				GCC_WARN_UNDECLARED_SELECTOR = YES;
				GCC_WARN_UNINITIALIZED_AUTOS = YES_AGGRESSIVE;
				GCC_WARN_UNUSED_FUNCTION = YES;
				GCC_WARN_UNUSED_VARIABLE = YES;
				IPHONEOS_DEPLOYMENT_TARGET = 11.2;
				MTL_ENABLE_DEBUG_INFO = NO;
				SDKROOT = iphoneos;
				SWIFT_OPTIMIZATION_LEVEL = "-Owholemodule";
				VALIDATE_PRODUCT = YES;
			};
			name = Release;
		};
		B32861E7200956C700611994 /* Debug */ = {
			isa = XCBuildConfiguration;
			buildSettings = {
				ASSETCATALOG_COMPILER_APPICON_NAME = AppIcon;
				CODE_SIGN_STYLE = Automatic;
				INFOPLIST_FILE = YouTune/Info.plist;
				LD_RUNPATH_SEARCH_PATHS = "$(inherited) @executable_path/Frameworks";
				PRODUCT_BUNDLE_IDENTIFIER = leo.YouTune;
				PRODUCT_NAME = "$(TARGET_NAME)";
				SWIFT_VERSION = 4.0;
				TARGETED_DEVICE_FAMILY = "1,2";
			};
			name = Debug;
		};
		B32861E8200956C700611994 /* Release */ = {
			isa = XCBuildConfiguration;
			buildSettings = {
				ASSETCATALOG_COMPILER_APPICON_NAME = AppIcon;
				CODE_SIGN_STYLE = Automatic;
				INFOPLIST_FILE = YouTune/Info.plist;
				LD_RUNPATH_SEARCH_PATHS = "$(inherited) @executable_path/Frameworks";
				PRODUCT_BUNDLE_IDENTIFIER = leo.YouTune;
				PRODUCT_NAME = "$(TARGET_NAME)";
				SWIFT_VERSION = 4.0;
				TARGETED_DEVICE_FAMILY = "1,2";
			};
			name = Release;
		};
/* End XCBuildConfiguration section */

/* Begin XCConfigurationList section */
		B32861CF200956C700611994 /* Build configuration list for PBXProject "YouTune" */ = {
			isa = XCConfigurationList;
			buildConfigurations = (
				B32861E4200956C700611994 /* Debug */,
				B32861E5200956C700611994 /* Release */,
			);
			defaultConfigurationIsVisible = 0;
			defaultConfigurationName = Release;
		};
		B32861E6200956C700611994 /* Build configuration list for PBXNativeTarget "YouTune" */ = {
			isa = XCConfigurationList;
			buildConfigurations = (
				B32861E7200956C700611994 /* Debug */,
				B32861E8200956C700611994 /* Release */,
			);
			defaultConfigurationIsVisible = 0;
			defaultConfigurationName = Release;
		};
/* End XCConfigurationList section */
	};
	rootObject = B32861CC200956C700611994 /* Project object */;
}
